
Microsoft Visual Studio Solution File, Format Version 12.00
# Visual Studio Version 17
VisualStudioVersion = 17.8.34511.84
MinimumVisualStudioVersion = 10.0.40219.1
Project("{9A19103F-16F7-4668-BE54-9A1E7A4F7556}") = "QRScannerTest", "QRScannerTest\QRScannerTest.csproj", "{B3002D38-0E30-414A-925E-6B537EFC497C}"
EndProject
Global
	GlobalSection(SolutionConfigurationPlatforms) = preSolution
		Debug|Any CPU = Debug|Any CPU
		Debug|iPhone = Debug|iPhone
		Debug|iPhoneSimulator = Debug|iPhoneSimulator
		Release|Any CPU = Release|Any CPU
		Release|iPhone = Release|iPhone
		Release|iPhoneSimulator = Release|iPhoneSimulator
	EndGlobalSection
	GlobalSection(ProjectConfigurationPlatforms) = postSolution
		{B3002D38-0E30-414A-925E-6B537EFC497C}.Debug|Any CPU.ActiveCfg = Debug|Any CPU
		{B3002D38-0E30-414A-925E-6B537EFC497C}.Debug|Any CPU.Build.0 = Debug|Any CPU
		{B3002D38-0E30-414A-925E-6B537EFC497C}.Debug|Any CPU.Deploy.0 = Debug|Any CPU
		{B3002D38-0E30-414A-925E-6B537EFC497C}.Debug|iPhone.ActiveCfg = Debug|Any CPU
		{B3002D38-0E30-414A-925E-6B537EFC497C}.Debug|iPhone.Build.0 = Debug|Any CPU
		{B3002D38-0E30-414A-925E-6B537EFC497C}.Debug|iPhone.Deploy.0 = Debug|Any CPU
		{B3002D38-0E30-414A-925E-6B537EFC497C}.Debug|iPhoneSimulator.ActiveCfg = Debug|Any CPU
		{B3002D38-0E30-414A-925E-6B537EFC497C}.Debug|iPhoneSimulator.Build.0 = Debug|Any CPU
		{B3002D38-0E30-414A-925E-6B537EFC497C}.Debug|iPhoneSimulator.Deploy.0 = Debug|Any CPU
		{B3002D38-0E30-414A-925E-6B537EFC497C}.Release|Any CPU.ActiveCfg = Release|Any CPU
		{B3002D38-0E30-414A-925E-6B537EFC497C}.Release|Any CPU.Build.0 = Release|Any CPU
		{B3002D38-0E30-414A-925E-6B537EFC497C}.Release|Any CPU.Deploy.0 = Release|Any CPU
		{B3002D38-0E30-414A-925E-6B537EFC497C}.Release|iPhone.ActiveCfg = Release|Any CPU
		{B3002D38-0E30-414A-925E-6B537EFC497C}.Release|iPhone.Build.0 = Release|Any CPU
		{B3002D38-0E30-414A-925E-6B537EFC497C}.Release|iPhone.Deploy.0 = Release|Any CPU
		{B3002D38-0E30-414A-925E-6B537EFC497C}.Release|iPhoneSimulator.ActiveCfg = Release|Any CPU
		{B3002D38-0E30-414A-925E-6B537EFC497C}.Release|iPhoneSimulator.Build.0 = Release|Any CPU
		{B3002D38-0E30-414A-925E-6B537EFC497C}.Release|iPhoneSimulator.Deploy.0 = Release|Any CPU
	EndGlobalSection
	GlobalSection(SolutionProperties) = preSolution
		HideSolutionNode = FALSE
	EndGlobalSection
	GlobalSection(ExtensibilityGlobals) = postSolution
		SolutionGuid = {B643CD6A-AB3D-4C07-8D8E-16D638936E94}
	EndGlobalSection
EndGlobal
